
Microsoft Visual Studio Solution File, Format Version 12.00
# Visual Studio Version 16
VisualStudioVersion = 16.0.34407.143
MinimumVisualStudioVersion = 10.0.40219.1
Project("{FAE04EC0-301F-11D3-BF4B-00C04F79EFBC}") = "Basic Stock Program", "Basic Stock Program\Basic Stock Program.csproj", "{8E5797BF-16A8-4A26-B9BD-8406CF861770}"
EndProject
Project("{54435603-DBB4-11D2-8724-00A0C9A8B90C}") = "IstanbulKarkukStock", "IstanbulKarkukStock\IstanbulKarkukStock.vdproj", "{CAD78F4F-07CD-4972-847F-22F6BC6C8D2D}"
EndProject
Global
	GlobalSection(SolutionConfigurationPlatforms) = preSolution
		Debug|Any CPU = Debug|Any CPU
		Release|Any CPU = Release|Any CPU
	EndGlobalSection
	GlobalSection(ProjectConfigurationPlatforms) = postSolution
		{8E5797BF-16A8-4A26-B9BD-8406CF861770}.Debug|Any CPU.ActiveCfg = Debug|Any CPU
		{8E5797BF-16A8-4A26-B9BD-8406CF861770}.Debug|Any CPU.Build.0 = Debug|Any CPU
		{8E5797BF-16A8-4A26-B9BD-8406CF861770}.Release|Any CPU.ActiveCfg = Release|Any CPU
		{8E5797BF-16A8-4A26-B9BD-8406CF861770}.Release|Any CPU.Build.0 = Release|Any CPU
		{CAD78F4F-07CD-4972-847F-22F6BC6C8D2D}.Debug|Any CPU.ActiveCfg = Debug
		{CAD78F4F-07CD-4972-847F-22F6BC6C8D2D}.Release|Any CPU.ActiveCfg = Release
	EndGlobalSection
	GlobalSection(SolutionProperties) = preSolution
		HideSolutionNode = FALSE
	EndGlobalSection
	GlobalSection(ExtensibilityGlobals) = postSolution
		SolutionGuid = {2C45A603-EA43-468A-BD5C-FE69BC4461F2}
	EndGlobalSection
EndGlobal
